// !$*UTF8*$!
{
	archiveVersion = 1;
	classes = {
	};
	objectVersion = 52;
	objects = {

/* Begin PBXBuildFile section */
		02586AC127CEE2A6004F70AC /* Model.swift in Sources */ = {isa = PBXBuildFile; fileRef = 02586AC027CEE2A6004F70AC /* Model.swift */; };
		02586AC627CEF574004F70AC /* AVAudioFile+Utilities.swift in Sources */ = {isa = PBXBuildFile; fileRef = 02586AC527CEF574004F70AC /* AVAudioFile+Utilities.swift */; };
		02586ACC27CEF5B1004F70AC /* FormatConverter.swift in Sources */ = {isa = PBXBuildFile; fileRef = 02586AC727CEF5B1004F70AC /* FormatConverter.swift */; };
		02586ACD27CEF5B1004F70AC /* FormatConverter+PCM.swift in Sources */ = {isa = PBXBuildFile; fileRef = 02586AC827CEF5B1004F70AC /* FormatConverter+PCM.swift */; };
		02586ACE27CEF5B1004F70AC /* FormatConverter+Compressed.swift in Sources */ = {isa = PBXBuildFile; fileRef = 02586AC927CEF5B1004F70AC /* FormatConverter+Compressed.swift */; };
		02586ACF27CEF5B1004F70AC /* FormatConverter+Utilities.swift in Sources */ = {isa = PBXBuildFile; fileRef = 02586ACA27CEF5B1004F70AC /* FormatConverter+Utilities.swift */; };
		02586AD027CEF5B1004F70AC /* AVAudioPCMBuffer+Utilities.swift in Sources */ = {isa = PBXBuildFile; fileRef = 02586ACB27CEF5B1004F70AC /* AVAudioPCMBuffer+Utilities.swift */; };
		02586AD327CEF6D6004F70AC /* AVAudioPCMBuffer+Processing.swift in Sources */ = {isa = PBXBuildFile; fileRef = 02586AD127CEF6D6004F70AC /* AVAudioPCMBuffer+Processing.swift */; };
		02586AD627CEF895004F70AC /* AudioKitHelpers.swift in Sources */ = {isa = PBXBuildFile; fileRef = 02586AD527CEF895004F70AC /* AudioKitHelpers.swift */; };
		FD0B47C124019BF200AA607F /* Note.swift in Sources */ = {isa = PBXBuildFile; fileRef = FD0B47C024019BF200AA607F /* Note.swift */; };
		FD0B47C324019C3500AA607F /* OpCode.swift in Sources */ = {isa = PBXBuildFile; fileRef = FD0B47C224019C3500AA607F /* OpCode.swift */; };
		FD8A47C02400443700842213 /* main.swift in Sources */ = {isa = PBXBuildFile; fileRef = FD8A47BF2400443700842213 /* main.swift */; };
		FD8A47C82400472B00842213 /* Files in Frameworks */ = {isa = PBXBuildFile; productRef = FD8A47C72400472B00842213 /* Files */; };
/* End PBXBuildFile section */

/* Begin PBXCopyFilesBuildPhase section */
		FD8A47BA2400443700842213 /* CopyFiles */ = {
			isa = PBXCopyFilesBuildPhase;
			buildActionMask = 2147483647;
			dstPath = /usr/share/man/man1/;
			dstSubfolderSpec = 0;
			files = (
			);
			runOnlyForDeploymentPostprocessing = 1;
		};
/* End PBXCopyFilesBuildPhase section */

/* Begin PBXFileReference section */
		02586AC027CEE2A6004F70AC /* Model.swift */ = {isa = PBXFileReference; lastKnownFileType = sourcecode.swift; path = Model.swift; sourceTree = "<group>"; };
		02586AC427CEF131004F70AC /* auto-sfz.entitlements */ = {isa = PBXFileReference; lastKnownFileType = text.plist.entitlements; path = "auto-sfz.entitlements"; sourceTree = "<group>"; };
		02586AC527CEF574004F70AC /* AVAudioFile+Utilities.swift */ = {isa = PBXFileReference; lastKnownFileType = sourcecode.swift; path = "AVAudioFile+Utilities.swift"; sourceTree = "<group>"; };
		02586AC727CEF5B1004F70AC /* FormatConverter.swift */ = {isa = PBXFileReference; fileEncoding = 4; lastKnownFileType = sourcecode.swift; path = FormatConverter.swift; sourceTree = "<group>"; };
		02586AC827CEF5B1004F70AC /* FormatConverter+PCM.swift */ = {isa = PBXFileReference; fileEncoding = 4; lastKnownFileType = sourcecode.swift; path = "FormatConverter+PCM.swift"; sourceTree = "<group>"; };
		02586AC927CEF5B1004F70AC /* FormatConverter+Compressed.swift */ = {isa = PBXFileReference; fileEncoding = 4; lastKnownFileType = sourcecode.swift; path = "FormatConverter+Compressed.swift"; sourceTree = "<group>"; };
		02586ACA27CEF5B1004F70AC /* FormatConverter+Utilities.swift */ = {isa = PBXFileReference; fileEncoding = 4; lastKnownFileType = sourcecode.swift; path = "FormatConverter+Utilities.swift"; sourceTree = "<group>"; };
		02586ACB27CEF5B1004F70AC /* AVAudioPCMBuffer+Utilities.swift */ = {isa = PBXFileReference; fileEncoding = 4; lastKnownFileType = sourcecode.swift; path = "AVAudioPCMBuffer+Utilities.swift"; sourceTree = "<group>"; };
		02586AD127CEF6D6004F70AC /* AVAudioPCMBuffer+Processing.swift */ = {isa = PBXFileReference; fileEncoding = 4; lastKnownFileType = sourcecode.swift; path = "AVAudioPCMBuffer+Processing.swift"; sourceTree = "<group>"; };
		02586AD527CEF895004F70AC /* AudioKitHelpers.swift */ = {isa = PBXFileReference; fileEncoding = 4; lastKnownFileType = sourcecode.swift; path = AudioKitHelpers.swift; sourceTree = "<group>"; };
		FD0B47C024019BF200AA607F /* Note.swift */ = {isa = PBXFileReference; lastKnownFileType = sourcecode.swift; path = Note.swift; sourceTree = "<group>"; };
		FD0B47C224019C3500AA607F /* OpCode.swift */ = {isa = PBXFileReference; lastKnownFileType = sourcecode.swift; path = OpCode.swift; sourceTree = "<group>"; };
		FD8A47BC2400443700842213 /* auto-sfz */ = {isa = PBXFileReference; explicitFileType = "compiled.mach-o.executable"; includeInIndex = 0; path = "auto-sfz"; sourceTree = BUILT_PRODUCTS_DIR; };
		FD8A47BF2400443700842213 /* main.swift */ = {isa = PBXFileReference; lastKnownFileType = sourcecode.swift; path = main.swift; sourceTree = "<group>"; };
/* End PBXFileReference section */

/* Begin PBXFrameworksBuildPhase section */
		FD8A47B92400443700842213 /* Frameworks */ = {
			isa = PBXFrameworksBuildPhase;
			buildActionMask = 2147483647;
			files = (
				FD8A47C82400472B00842213 /* Files in Frameworks */,
			);
			runOnlyForDeploymentPostprocessing = 0;
		};
/* End PBXFrameworksBuildPhase section */

/* Begin PBXGroup section */
		02157F8427CF048200D7E126 /* audiokit */ = {
			isa = PBXGroup;
			children = (
				02586AD527CEF895004F70AC /* AudioKitHelpers.swift */,
				02586AD127CEF6D6004F70AC /* AVAudioPCMBuffer+Processing.swift */,
				02586ACB27CEF5B1004F70AC /* AVAudioPCMBuffer+Utilities.swift */,
				02586AC727CEF5B1004F70AC /* FormatConverter.swift */,
				02586AC927CEF5B1004F70AC /* FormatConverter+Compressed.swift */,
				02586AC827CEF5B1004F70AC /* FormatConverter+PCM.swift */,
				02586ACA27CEF5B1004F70AC /* FormatConverter+Utilities.swift */,
				02586AC527CEF574004F70AC /* AVAudioFile+Utilities.swift */,
			);
			path = audiokit;
			sourceTree = "<group>";
		};
		FD8A47B32400443700842213 = {
			isa = PBXGroup;
			children = (
				FD8A47BE2400443700842213 /* auto-sfz */,
				FD8A47BD2400443700842213 /* Products */,
			);
			sourceTree = "<group>";
		};
		FD8A47BD2400443700842213 /* Products */ = {
			isa = PBXGroup;
			children = (
				FD8A47BC2400443700842213 /* auto-sfz */,
			);
			name = Products;
			sourceTree = "<group>";
		};
		FD8A47BE2400443700842213 /* auto-sfz */ = {
			isa = PBXGroup;
			children = (
				02157F8427CF048200D7E126 /* audiokit */,
				02586AC427CEF131004F70AC /* auto-sfz.entitlements */,
				FD8A47BF2400443700842213 /* main.swift */,
				FD0B47C024019BF200AA607F /* Note.swift */,
				02586AC027CEE2A6004F70AC /* Model.swift */,
				FD0B47C224019C3500AA607F /* OpCode.swift */,
			);
			path = "auto-sfz";
			sourceTree = "<group>";
		};
/* End PBXGroup section */

/* Begin PBXNativeTarget section */
		FD8A47BB2400443700842213 /* auto-sfz */ = {
			isa = PBXNativeTarget;
			buildConfigurationList = FD8A47C32400443700842213 /* Build configuration list for PBXNativeTarget "auto-sfz" */;
			buildPhases = (
				FD8A47B82400443700842213 /* Sources */,
				FD8A47B92400443700842213 /* Frameworks */,
				FD8A47BA2400443700842213 /* CopyFiles */,
			);
			buildRules = (
			);
			dependencies = (
			);
			name = "auto-sfz";
			packageProductDependencies = (
				FD8A47C72400472B00842213 /* Files */,
			);
			productName = Parser;
			productReference = FD8A47BC2400443700842213 /* auto-sfz */;
			productType = "com.apple.product-type.tool";
		};
/* End PBXNativeTarget section */

/* Begin PBXProject section */
		FD8A47B42400443700842213 /* Project object */ = {
			isa = PBXProject;
			attributes = {
				LastSwiftUpdateCheck = 1130;
				LastUpgradeCheck = 1320;
				ORGANIZATIONNAME = "Chris Maier";
				TargetAttributes = {
					FD8A47BB2400443700842213 = {
						CreatedOnToolsVersion = 11.3.1;
					};
				};
			};
			buildConfigurationList = FD8A47B72400443700842213 /* Build configuration list for PBXProject "auto-sfz" */;
			compatibilityVersion = "Xcode 9.3";
			developmentRegion = en;
			hasScannedForEncodings = 0;
			knownRegions = (
				en,
				Base,
			);
			mainGroup = FD8A47B32400443700842213;
			packageReferences = (
				FD8A47C62400472B00842213 /* XCRemoteSwiftPackageReference "Files" */,
			);
			productRefGroup = FD8A47BD2400443700842213 /* Products */;
			projectDirPath = "";
			projectRoot = "";
			targets = (
				FD8A47BB2400443700842213 /* auto-sfz */,
			);
		};
/* End PBXProject section */

/* Begin PBXSourcesBuildPhase section */
		FD8A47B82400443700842213 /* Sources */ = {
			isa = PBXSourcesBuildPhase;
			buildActionMask = 2147483647;
			files = (
				02586ACE27CEF5B1004F70AC /* FormatConverter+Compressed.swift in Sources */,
				FD8A47C02400443700842213 /* main.swift in Sources */,
				02586AD027CEF5B1004F70AC /* AVAudioPCMBuffer+Utilities.swift in Sources */,
				02586ACC27CEF5B1004F70AC /* FormatConverter.swift in Sources */,
				02586ACF27CEF5B1004F70AC /* FormatConverter+Utilities.swift in Sources */,
				02586AC627CEF574004F70AC /* AVAudioFile+Utilities.swift in Sources */,
				FD0B47C324019C3500AA607F /* OpCode.swift in Sources */,
				02586ACD27CEF5B1004F70AC /* FormatConverter+PCM.swift in Sources */,
				FD0B47C124019BF200AA607F /* Note.swift in Sources */,
				02586AD627CEF895004F70AC /* AudioKitHelpers.swift in Sources */,
				02586AD327CEF6D6004F70AC /* AVAudioPCMBuffer+Processing.swift in Sources */,
				02586AC127CEE2A6004F70AC /* Model.swift in Sources */,
			);
			runOnlyForDeploymentPostprocessing = 0;
		};
/* End PBXSourcesBuildPhase section */

/* Begin XCBuildConfiguration section */
		FD8A47C12400443700842213 /* Debug */ = {
			isa = XCBuildConfiguration;
			buildSettings = {
				ALWAYS_SEARCH_USER_PATHS = NO;
				CLANG_ANALYZER_NONNULL = YES;
				CLANG_ANALYZER_NUMBER_OBJECT_CONVERSION = YES_AGGRESSIVE;
				CLANG_CXX_LANGUAGE_STANDARD = "gnu++14";
				CLANG_CXX_LIBRARY = "libc++";
				CLANG_ENABLE_MODULES = YES;
				CLANG_ENABLE_OBJC_ARC = YES;
				CLANG_ENABLE_OBJC_WEAK = YES;
				CLANG_WARN_BLOCK_CAPTURE_AUTORELEASING = YES;
				CLANG_WARN_BOOL_CONVERSION = YES;
				CLANG_WARN_COMMA = YES;
				CLANG_WARN_CONSTANT_CONVERSION = YES;
				CLANG_WARN_DEPRECATED_OBJC_IMPLEMENTATIONS = YES;
				CLANG_WARN_DIRECT_OBJC_ISA_USAGE = YES_ERROR;
				CLANG_WARN_DOCUMENTATION_COMMENTS = YES;
				CLANG_WARN_EMPTY_BODY = YES;
				CLANG_WARN_ENUM_CONVERSION = YES;
				CLANG_WARN_INFINITE_RECURSION = YES;
				CLANG_WARN_INT_CONVERSION = YES;
				CLANG_WARN_NON_LITERAL_NULL_CONVERSION = YES;
				CLANG_WARN_OBJC_IMPLICIT_RETAIN_SELF = YES;
				CLANG_WARN_OBJC_LITERAL_CONVERSION = YES;
				CLANG_WARN_OBJC_ROOT_CLASS = YES_ERROR;
				CLANG_WARN_QUOTED_INCLUDE_IN_FRAMEWORK_HEADER = YES;
				CLANG_WARN_RANGE_LOOP_ANALYSIS = YES;
				CLANG_WARN_STRICT_PROTOTYPES = YES;
				CLANG_WARN_SUSPICIOUS_MOVE = YES;
				CLANG_WARN_UNGUARDED_AVAILABILITY = YES_AGGRESSIVE;
				CLANG_WARN_UNREACHABLE_CODE = YES;
				CLANG_WARN__DUPLICATE_METHOD_MATCH = YES;
				COPY_PHASE_STRIP = NO;
				DEBUG_INFORMATION_FORMAT = dwarf;
				ENABLE_STRICT_OBJC_MSGSEND = YES;
				ENABLE_TESTABILITY = YES;
				GCC_C_LANGUAGE_STANDARD = gnu11;
				GCC_DYNAMIC_NO_PIC = NO;
				GCC_NO_COMMON_BLOCKS = YES;
				GCC_OPTIMIZATION_LEVEL = 0;
				GCC_PREPROCESSOR_DEFINITIONS = (
					"DEBUG=1",
					"$(inherited)",
				);
				GCC_WARN_64_TO_32_BIT_CONVERSION = YES;
				GCC_WARN_ABOUT_RETURN_TYPE = YES_ERROR;
				GCC_WARN_UNDECLARED_SELECTOR = YES;
				GCC_WARN_UNINITIALIZED_AUTOS = YES_AGGRESSIVE;
				GCC_WARN_UNUSED_FUNCTION = YES;
				GCC_WARN_UNUSED_VARIABLE = YES;
				MACOSX_DEPLOYMENT_TARGET = 10.15;
				MTL_ENABLE_DEBUG_INFO = INCLUDE_SOURCE;
				MTL_FAST_MATH = YES;
				ONLY_ACTIVE_ARCH = YES;
				SDKROOT = macosx;
				SWIFT_ACTIVE_COMPILATION_CONDITIONS = DEBUG;
				SWIFT_OPTIMIZATION_LEVEL = "-Onone";
			};
			name = Debug;
		};
		FD8A47C22400443700842213 /* Release */ = {
			isa = XCBuildConfiguration;
			buildSettings = {
				ALWAYS_SEARCH_USER_PATHS = NO;
				CLANG_ANALYZER_NONNULL = YES;
				CLANG_ANALYZER_NUMBER_OBJECT_CONVERSION = YES_AGGRESSIVE;
				CLANG_CXX_LANGUAGE_STANDARD = "gnu++14";
				CLANG_CXX_LIBRARY = "libc++";
				CLANG_ENABLE_MODULES = YES;
				CLANG_ENABLE_OBJC_ARC = YES;
				CLANG_ENABLE_OBJC_WEAK = YES;
				CLANG_WARN_BLOCK_CAPTURE_AUTORELEASING = YES;
				CLANG_WARN_BOOL_CONVERSION = YES;
				CLANG_WARN_COMMA = YES;
				CLANG_WARN_CONSTANT_CONVERSION = YES;
				CLANG_WARN_DEPRECATED_OBJC_IMPLEMENTATIONS = YES;
				CLANG_WARN_DIRECT_OBJC_ISA_USAGE = YES_ERROR;
				CLANG_WARN_DOCUMENTATION_COMMENTS = YES;
				CLANG_WARN_EMPTY_BODY = YES;
				CLANG_WARN_ENUM_CONVERSION = YES;
				CLANG_WARN_INFINITE_RECURSION = YES;
				CLANG_WARN_INT_CONVERSION = YES;
				CLANG_WARN_NON_LITERAL_NULL_CONVERSION = YES;
				CLANG_WARN_OBJC_IMPLICIT_RETAIN_SELF = YES;
				CLANG_WARN_OBJC_LITERAL_CONVERSION = YES;
				CLANG_WARN_OBJC_ROOT_CLASS = YES_ERROR;
				CLANG_WARN_QUOTED_INCLUDE_IN_FRAMEWORK_HEADER = YES;
				CLANG_WARN_RANGE_LOOP_ANALYSIS = YES;
				CLANG_WARN_STRICT_PROTOTYPES = YES;
				CLANG_WARN_SUSPICIOUS_MOVE = YES;
				CLANG_WARN_UNGUARDED_AVAILABILITY = YES_AGGRESSIVE;
				CLANG_WARN_UNREACHABLE_CODE = YES;
				CLANG_WARN__DUPLICATE_METHOD_MATCH = YES;
				COPY_PHASE_STRIP = NO;
				DEBUG_INFORMATION_FORMAT = "dwarf-with-dsym";
				ENABLE_NS_ASSERTIONS = NO;
				ENABLE_STRICT_OBJC_MSGSEND = YES;
				GCC_C_LANGUAGE_STANDARD = gnu11;
				GCC_NO_COMMON_BLOCKS = YES;
				GCC_WARN_64_TO_32_BIT_CONVERSION = YES;
				GCC_WARN_ABOUT_RETURN_TYPE = YES_ERROR;
				GCC_WARN_UNDECLARED_SELECTOR = YES;
				GCC_WARN_UNINITIALIZED_AUTOS = YES_AGGRESSIVE;
				GCC_WARN_UNUSED_FUNCTION = YES;
				GCC_WARN_UNUSED_VARIABLE = YES;
				MACOSX_DEPLOYMENT_TARGET = 10.15;
				MTL_ENABLE_DEBUG_INFO = NO;
				MTL_FAST_MATH = YES;
				SDKROOT = macosx;
				SWIFT_COMPILATION_MODE = wholemodule;
				SWIFT_OPTIMIZATION_LEVEL = "-O";
			};
			name = Release;
		};
		FD8A47C42400443700842213 /* Debug */ = {
			isa = XCBuildConfiguration;
			buildSettings = {
				CODE_SIGN_ENTITLEMENTS = "auto-sfz/auto-sfz.entitlements";
				CODE_SIGN_IDENTITY = "-";
				CODE_SIGN_STYLE = Automatic;
				DEVELOPMENT_TEAM = VA87BGVDRL;
				ENABLE_HARDENED_RUNTIME = YES;
				GENERATE_INFOPLIST_FILE = NO;
				PRODUCT_BUNDLE_IDENTIFIER = com.auto.sfz;
				PRODUCT_NAME = "$(TARGET_NAME)";
				SWIFT_VERSION = 5.0;
			};
			name = Debug;
		};
		FD8A47C52400443700842213 /* Release */ = {
			isa = XCBuildConfiguration;
			buildSettings = {
				CODE_SIGN_ENTITLEMENTS = "auto-sfz/auto-sfz.entitlements";
				CODE_SIGN_IDENTITY = "-";
				CODE_SIGN_STYLE = Automatic;
				DEVELOPMENT_TEAM = VA87BGVDRL;
				ENABLE_HARDENED_RUNTIME = YES;
				GENERATE_INFOPLIST_FILE = NO;
				PRODUCT_BUNDLE_IDENTIFIER = com.auto.sfz;
				PRODUCT_NAME = "$(TARGET_NAME)";
				SWIFT_VERSION = 5.0;
			};
			name = Release;
		};
/* End XCBuildConfiguration section */

/* Begin XCConfigurationList section */
		FD8A47B72400443700842213 /* Build configuration list for PBXProject "auto-sfz" */ = {
			isa = XCConfigurationList;
			buildConfigurations = (
				FD8A47C12400443700842213 /* Debug */,
				FD8A47C22400443700842213 /* Release */,
			);
			defaultConfigurationIsVisible = 0;
			defaultConfigurationName = Release;
		};
		FD8A47C32400443700842213 /* Build configuration list for PBXNativeTarget "auto-sfz" */ = {
			isa = XCConfigurationList;
			buildConfigurations = (
				FD8A47C42400443700842213 /* Debug */,
				FD8A47C52400443700842213 /* Release */,
			);
			defaultConfigurationIsVisible = 0;
			defaultConfigurationName = Release;
		};
/* End XCConfigurationList section */

/* Begin XCRemoteSwiftPackageReference section */
		FD8A47C62400472B00842213 /* XCRemoteSwiftPackageReference "Files" */ = {
			isa = XCRemoteSwiftPackageReference;
			repositoryURL = "https://github.com/JohnSundell/Files";
			requirement = {
				kind = upToNextMajorVersion;
				minimumVersion = 4.1.1;
			};
		};
/* End XCRemoteSwiftPackageReference section */

/* Begin XCSwiftPackageProductDependency section */
		FD8A47C72400472B00842213 /* Files */ = {
			isa = XCSwiftPackageProductDependency;
			package = FD8A47C62400472B00842213 /* XCRemoteSwiftPackageReference "Files" */;
			productName = Files;
		};
/* End XCSwiftPackageProductDependency section */
	};
	rootObject = FD8A47B42400443700842213 /* Project object */;
}
